// !$*UTF8*$!
{
	archiveVersion = 1;
	classes = {
	};
	objectVersion = 50;
	objects = {

/* Begin PBXBuildFile section */
		01ACD5DB487C0A99DD5B67E8 /* Pods_FilmoUITests.framework in Frameworks */ = {isa = PBXBuildFile; fileRef = 702AFC027C562A638203C679 /* Pods_FilmoUITests.framework */; };
		25B6DCFF32B66362F499E1D4 /* Pods_FilmoTests.framework in Frameworks */ = {isa = PBXBuildFile; fileRef = E154955C915219BF8ED6568F /* Pods_FilmoTests.framework */; };
		6411AF072159B60800460B1F /* Initialisers.swift in Sources */ = {isa = PBXBuildFile; fileRef = 6411AF062159B60800460B1F /* Initialisers.swift */; };
		6411AF092159B97100460B1F /* MediaSearchResult.swift in Sources */ = {isa = PBXBuildFile; fileRef = 6411AF082159B97100460B1F /* MediaSearchResult.swift */; };
		6411AF0B2159BA5300460B1F /* ImdbPersonScraper.swift in Sources */ = {isa = PBXBuildFile; fileRef = 6411AF0A2159BA5300460B1F /* ImdbPersonScraper.swift */; };
		6411AF0D2159BD7800460B1F /* Credit.swift in Sources */ = {isa = PBXBuildFile; fileRef = 6411AF0C2159BD7800460B1F /* Credit.swift */; };
		6411AF102159C49E00460B1F /* Backend.swift in Sources */ = {isa = PBXBuildFile; fileRef = 6411AF0F2159C49E00460B1F /* Backend.swift */; };
		6411AF122159C55100460B1F /* FirebaseBackend.swift in Sources */ = {isa = PBXBuildFile; fileRef = 6411AF112159C55100460B1F /* FirebaseBackend.swift */; };
		6411AF172159C57B00460B1F /* ServiceProvider.swift in Sources */ = {isa = PBXBuildFile; fileRef = 6411AF162159C57B00460B1F /* ServiceProvider.swift */; };
		6411AF192159C78900460B1F /* GoogleService-Info.plist in Resources */ = {isa = PBXBuildFile; fileRef = 6411AF182159C78900460B1F /* GoogleService-Info.plist */; };
		6411AF1B2159E62300460B1F /* FilmList.swift in Sources */ = {isa = PBXBuildFile; fileRef = 6411AF1A2159E62300460B1F /* FilmList.swift */; };
		6411AF1D2159E6AD00460B1F /* User.swift in Sources */ = {isa = PBXBuildFile; fileRef = 6411AF1C2159E6AD00460B1F /* User.swift */; };
		641A96EE2158AE6300F65BC0 /* Film.swift in Sources */ = {isa = PBXBuildFile; fileRef = 641A96ED2158AE6300F65BC0 /* Film.swift */; };
		641A96F02158AECC00F65BC0 /* Person.swift in Sources */ = {isa = PBXBuildFile; fileRef = 641A96EF2158AECC00F65BC0 /* Person.swift */; };
		641A96F32158AEEC00F65BC0 /* StringExtensions.swift in Sources */ = {isa = PBXBuildFile; fileRef = 641A96F22158AEEC00F65BC0 /* StringExtensions.swift */; };
		641A96F62158BFCC00F65BC0 /* ImdbMemoryCache.swift in Sources */ = {isa = PBXBuildFile; fileRef = 641A96F52158BFCC00F65BC0 /* ImdbMemoryCache.swift */; };
		641A96F82158C2DF00F65BC0 /* Imdb.swift in Sources */ = {isa = PBXBuildFile; fileRef = 641A96F72158C2DF00F65BC0 /* Imdb.swift */; };
		64225693215C6AD800CB1822 /* LoginViewController.swift in Sources */ = {isa = PBXBuildFile; fileRef = 64225692215C6AD800CB1822 /* LoginViewController.swift */; };
		64225695215C6CC200CB1822 /* SplashViewController.swift in Sources */ = {isa = PBXBuildFile; fileRef = 64225694215C6CC200CB1822 /* SplashViewController.swift */; };
		64225697215C701400CB1822 /* PromiseToastExtensions.swift in Sources */ = {isa = PBXBuildFile; fileRef = 64225696215C701400CB1822 /* PromiseToastExtensions.swift */; };
		64225699215C77EA00CB1822 /* UIViewControllerExtensions.swift in Sources */ = {isa = PBXBuildFile; fileRef = 64225698215C77EA00CB1822 /* UIViewControllerExtensions.swift */; };
		6422569E215C9D0E00CB1822 /* ListListViewController.swift in Sources */ = {isa = PBXBuildFile; fileRef = 6422569D215C9D0E00CB1822 /* ListListViewController.swift */; };
		642256A5215C9EEE00CB1822 /* FirebaseFilmListSerialisation.swift in Sources */ = {isa = PBXBuildFile; fileRef = 642256A4215C9EEE00CB1822 /* FirebaseFilmListSerialisation.swift */; };
		642256A7215C9F1400CB1822 /* BackendModelSerialiser.swift in Sources */ = {isa = PBXBuildFile; fileRef = 642256A6215C9F1400CB1822 /* BackendModelSerialiser.swift */; };
		642256AA215CA4CA00CB1822 /* MainTabBarViewController.swift in Sources */ = {isa = PBXBuildFile; fileRef = 642256A9215CA4CA00CB1822 /* MainTabBarViewController.swift */; };
		642256AD215CADE700CB1822 /* SettingsViewController.swift in Sources */ = {isa = PBXBuildFile; fileRef = 642256AC215CADE700CB1822 /* SettingsViewController.swift */; };
		642256B0215CAFF000CB1822 /* Styler.swift in Sources */ = {isa = PBXBuildFile; fileRef = 642256AF215CAFF000CB1822 /* Styler.swift */; };
		642256B2215CBA4000CB1822 /* NodeStyler.swift in Sources */ = {isa = PBXBuildFile; fileRef = 642256B1215CBA4000CB1822 /* NodeStyler.swift */; };
		642256B4215CC00500CB1822 /* YeonSung-Regular.ttf in Resources */ = {isa = PBXBuildFile; fileRef = 642256B3215CBFC100CB1822 /* YeonSung-Regular.ttf */; };
		642256BF215CC3E600CB1822 /* Lato-Black.ttf in Resources */ = {isa = PBXBuildFile; fileRef = 642256B5215CC3D000CB1822 /* Lato-Black.ttf */; };
		642256C0215CC3E600CB1822 /* Lato-BoldItalic.ttf in Resources */ = {isa = PBXBuildFile; fileRef = 642256B6215CC3D300CB1822 /* Lato-BoldItalic.ttf */; };
		642256C1215CC3E600CB1822 /* Lato-Light.ttf in Resources */ = {isa = PBXBuildFile; fileRef = 642256B7215CC3D500CB1822 /* Lato-Light.ttf */; };
		642256C2215CC3E600CB1822 /* Lato-Hairline.ttf in Resources */ = {isa = PBXBuildFile; fileRef = 642256B8215CC3D800CB1822 /* Lato-Hairline.ttf */; };
		642256C3215CC3E600CB1822 /* Lato-HairlineItalic.ttf in Resources */ = {isa = PBXBuildFile; fileRef = 642256B9215CC3DA00CB1822 /* Lato-HairlineItalic.ttf */; };
		642256C4215CC3E600CB1822 /* Lato-Bold.ttf in Resources */ = {isa = PBXBuildFile; fileRef = 642256BA215CC3DD00CB1822 /* Lato-Bold.ttf */; };
		642256C5215CC3E600CB1822 /* Lato-BlackItalic.ttf in Resources */ = {isa = PBXBuildFile; fileRef = 642256BB215CC3DF00CB1822 /* Lato-BlackItalic.ttf */; };
		642256C6215CC3E600CB1822 /* Lato-Italic.ttf in Resources */ = {isa = PBXBuildFile; fileRef = 642256BC215CC3E100CB1822 /* Lato-Italic.ttf */; };
		642256C7215CC3E600CB1822 /* Lato-LightItalic.ttf in Resources */ = {isa = PBXBuildFile; fileRef = 642256BD215CC3E400CB1822 /* Lato-LightItalic.ttf */; };
		642256C8215CC3E600CB1822 /* Lato-Regular.ttf in Resources */ = {isa = PBXBuildFile; fileRef = 642256BE215CC3E600CB1822 /* Lato-Regular.ttf */; };
		643894D7215654E2003563E0 /* ImdbPageScraper.swift in Sources */ = {isa = PBXBuildFile; fileRef = 643894D6215654E2003563E0 /* ImdbPageScraper.swift */; };
		643894D921565510003563E0 /* ImdbFilmScraper.swift in Sources */ = {isa = PBXBuildFile; fileRef = 643894D821565510003563E0 /* ImdbFilmScraper.swift */; };
		643894DB21576C3E003563E0 /* FilmDetailsViewController.swift in Sources */ = {isa = PBXBuildFile; fileRef = 643894DA21576C3E003563E0 /* FilmDetailsViewController.swift */; };
		643894DD215773AC003563E0 /* FilmSearchViewController.swift in Sources */ = {isa = PBXBuildFile; fileRef = 643894DC215773AC003563E0 /* FilmSearchViewController.swift */; };
		644CEECD216B21B3001CF047 /* StringContent.swift in Sources */ = {isa = PBXBuildFile; fileRef = 644CEECC216B21B3001CF047 /* StringContent.swift */; };
		644CEECF216B23D5001CF047 /* filmostrings.json in Resources */ = {isa = PBXBuildFile; fileRef = 644CEECE216B23D5001CF047 /* filmostrings.json */; };
		644CEED1216B27B6001CF047 /* StringIndexableFirebaseSnapshot.swift in Sources */ = {isa = PBXBuildFile; fileRef = 644CEED0216B27B6001CF047 /* StringIndexableFirebaseSnapshot.swift */; };
		644FD9642155F2940000D108 /* ImdbScraper.swift in Sources */ = {isa = PBXBuildFile; fileRef = 644FD9632155F2940000D108 /* ImdbScraper.swift */; };
		64C2FF002144B4D100D4D7A0 /* AppDelegate.swift in Sources */ = {isa = PBXBuildFile; fileRef = 64C2FEFF2144B4D100D4D7A0 /* AppDelegate.swift */; };
		64C2FF022144B4D100D4D7A0 /* ViewController.swift in Sources */ = {isa = PBXBuildFile; fileRef = 64C2FF012144B4D100D4D7A0 /* ViewController.swift */; };
		64C2FF052144B4D100D4D7A0 /* Main.storyboard in Resources */ = {isa = PBXBuildFile; fileRef = 64C2FF032144B4D100D4D7A0 /* Main.storyboard */; };
		64C2FF072144B4D300D4D7A0 /* Assets.xcassets in Resources */ = {isa = PBXBuildFile; fileRef = 64C2FF062144B4D300D4D7A0 /* Assets.xcassets */; };
		64C2FF0A2144B4D300D4D7A0 /* LaunchScreen.storyboard in Resources */ = {isa = PBXBuildFile; fileRef = 64C2FF082144B4D300D4D7A0 /* LaunchScreen.storyboard */; };
		64C2FF152144B4D300D4D7A0 /* FilmoTests.swift in Sources */ = {isa = PBXBuildFile; fileRef = 64C2FF142144B4D300D4D7A0 /* FilmoTests.swift */; };
		64C2FF202144B4D300D4D7A0 /* FilmoUITests.swift in Sources */ = {isa = PBXBuildFile; fileRef = 64C2FF1F2144B4D300D4D7A0 /* FilmoUITests.swift */; };
		64C2FF2E2144B59E00D4D7A0 /* GradientView.swift in Sources */ = {isa = PBXBuildFile; fileRef = 64C2FF2D2144B59E00D4D7A0 /* GradientView.swift */; };
		64C2FF302144B7E900D4D7A0 /* ListViewController.swift in Sources */ = {isa = PBXBuildFile; fileRef = 64C2FF2F2144B7E900D4D7A0 /* ListViewController.swift */; };
		64DD74FA215DCC5D009AC8DA /* FriendsViewController.swift in Sources */ = {isa = PBXBuildFile; fileRef = 64DD74F9215DCC5D009AC8DA /* FriendsViewController.swift */; };
		64DD74FD215DF4C9009AC8DA /* FilmListUpdateListener.swift in Sources */ = {isa = PBXBuildFile; fileRef = 64DD74FC215DF4C9009AC8DA /* FilmListUpdateListener.swift */; };
		64DD74FF21671B76009AC8DA /* StringContentProvider.swift in Sources */ = {isa = PBXBuildFile; fileRef = 64DD74FE21671B76009AC8DA /* StringContentProvider.swift */; };
		F8B87D9F95308AD5F658B886 /* Pods_Filmo.framework in Frameworks */ = {isa = PBXBuildFile; fileRef = 7CCA9C1DE76A866E6ED36BD5 /* Pods_Filmo.framework */; };
/* End PBXBuildFile section */

/* Begin PBXContainerItemProxy section */
		64C2FF112144B4D300D4D7A0 /* PBXContainerItemProxy */ = {
			isa = PBXContainerItemProxy;
			containerPortal = 64C2FEF42144B4D100D4D7A0 /* Project object */;
			proxyType = 1;
			remoteGlobalIDString = 64C2FEFB2144B4D100D4D7A0;
			remoteInfo = Filmo;
		};
		64C2FF1C2144B4D300D4D7A0 /* PBXContainerItemProxy */ = {
			isa = PBXContainerItemProxy;
			containerPortal = 64C2FEF42144B4D100D4D7A0 /* Project object */;
			proxyType = 1;
			remoteGlobalIDString = 64C2FEFB2144B4D100D4D7A0;
			remoteInfo = Filmo;
		};
/* End PBXContainerItemProxy section */

/* Begin PBXFileReference section */
		6411AF062159B60800460B1F /* Initialisers.swift */ = {isa = PBXFileReference; lastKnownFileType = sourcecode.swift; path = Initialisers.swift; sourceTree = "<group>"; };
		6411AF082159B97100460B1F /* MediaSearchResult.swift */ = {isa = PBXFileReference; lastKnownFileType = sourcecode.swift; path = MediaSearchResult.swift; sourceTree = "<group>"; };
		6411AF0A2159BA5300460B1F /* ImdbPersonScraper.swift */ = {isa = PBXFileReference; lastKnownFileType = sourcecode.swift; path = ImdbPersonScraper.swift; sourceTree = "<group>"; };
		6411AF0C2159BD7800460B1F /* Credit.swift */ = {isa = PBXFileReference; lastKnownFileType = sourcecode.swift; path = Credit.swift; sourceTree = "<group>"; };
		6411AF0F2159C49E00460B1F /* Backend.swift */ = {isa = PBXFileReference; lastKnownFileType = sourcecode.swift; path = Backend.swift; sourceTree = "<group>"; };
		6411AF112159C55100460B1F /* FirebaseBackend.swift */ = {isa = PBXFileReference; lastKnownFileType = sourcecode.swift; path = FirebaseBackend.swift; sourceTree = "<group>"; };
		6411AF162159C57B00460B1F /* ServiceProvider.swift */ = {isa = PBXFileReference; lastKnownFileType = sourcecode.swift; path = ServiceProvider.swift; sourceTree = "<group>"; };
		6411AF182159C78900460B1F /* GoogleService-Info.plist */ = {isa = PBXFileReference; fileEncoding = 4; lastKnownFileType = text.plist.xml; path = "GoogleService-Info.plist"; sourceTree = "<group>"; };
		6411AF1A2159E62300460B1F /* FilmList.swift */ = {isa = PBXFileReference; lastKnownFileType = sourcecode.swift; path = FilmList.swift; sourceTree = "<group>"; };
		6411AF1C2159E6AD00460B1F /* User.swift */ = {isa = PBXFileReference; lastKnownFileType = sourcecode.swift; path = User.swift; sourceTree = "<group>"; };
		641A96ED2158AE6300F65BC0 /* Film.swift */ = {isa = PBXFileReference; lastKnownFileType = sourcecode.swift; path = Film.swift; sourceTree = "<group>"; };
		641A96EF2158AECC00F65BC0 /* Person.swift */ = {isa = PBXFileReference; lastKnownFileType = sourcecode.swift; path = Person.swift; sourceTree = "<group>"; };
		641A96F22158AEEC00F65BC0 /* StringExtensions.swift */ = {isa = PBXFileReference; lastKnownFileType = sourcecode.swift; path = StringExtensions.swift; sourceTree = "<group>"; };
		641A96F52158BFCC00F65BC0 /* ImdbMemoryCache.swift */ = {isa = PBXFileReference; lastKnownFileType = sourcecode.swift; path = ImdbMemoryCache.swift; sourceTree = "<group>"; };
		641A96F72158C2DF00F65BC0 /* Imdb.swift */ = {isa = PBXFileReference; lastKnownFileType = sourcecode.swift; path = Imdb.swift; sourceTree = "<group>"; };
		64225692215C6AD800CB1822 /* LoginViewController.swift */ = {isa = PBXFileReference; lastKnownFileType = sourcecode.swift; path = LoginViewController.swift; sourceTree = "<group>"; };
		64225694215C6CC200CB1822 /* SplashViewController.swift */ = {isa = PBXFileReference; lastKnownFileType = sourcecode.swift; path = SplashViewController.swift; sourceTree = "<group>"; };
		64225696215C701400CB1822 /* PromiseToastExtensions.swift */ = {isa = PBXFileReference; lastKnownFileType = sourcecode.swift; path = PromiseToastExtensions.swift; sourceTree = "<group>"; };
		64225698215C77EA00CB1822 /* UIViewControllerExtensions.swift */ = {isa = PBXFileReference; lastKnownFileType = sourcecode.swift; path = UIViewControllerExtensions.swift; sourceTree = "<group>"; };
		6422569D215C9D0E00CB1822 /* ListListViewController.swift */ = {isa = PBXFileReference; lastKnownFileType = sourcecode.swift; path = ListListViewController.swift; sourceTree = "<group>"; };
		642256A4215C9EEE00CB1822 /* FirebaseFilmListSerialisation.swift */ = {isa = PBXFileReference; lastKnownFileType = sourcecode.swift; path = FirebaseFilmListSerialisation.swift; sourceTree = "<group>"; };
		642256A6215C9F1400CB1822 /* BackendModelSerialiser.swift */ = {isa = PBXFileReference; lastKnownFileType = sourcecode.swift; path = BackendModelSerialiser.swift; sourceTree = "<group>"; };
		642256A9215CA4CA00CB1822 /* MainTabBarViewController.swift */ = {isa = PBXFileReference; lastKnownFileType = sourcecode.swift; path = MainTabBarViewController.swift; sourceTree = "<group>"; };
		642256AC215CADE700CB1822 /* SettingsViewController.swift */ = {isa = PBXFileReference; lastKnownFileType = sourcecode.swift; path = SettingsViewController.swift; sourceTree = "<group>"; };
		642256AF215CAFF000CB1822 /* Styler.swift */ = {isa = PBXFileReference; lastKnownFileType = sourcecode.swift; path = Styler.swift; sourceTree = "<group>"; };
		642256B1215CBA4000CB1822 /* NodeStyler.swift */ = {isa = PBXFileReference; lastKnownFileType = sourcecode.swift; path = NodeStyler.swift; sourceTree = "<group>"; };
		642256B3215CBFC100CB1822 /* YeonSung-Regular.ttf */ = {isa = PBXFileReference; lastKnownFileType = file; path = "YeonSung-Regular.ttf"; sourceTree = "<group>"; };
		642256B5215CC3D000CB1822 /* Lato-Black.ttf */ = {isa = PBXFileReference; lastKnownFileType = file; path = "Lato-Black.ttf"; sourceTree = "<group>"; };
		642256B6215CC3D300CB1822 /* Lato-BoldItalic.ttf */ = {isa = PBXFileReference; lastKnownFileType = file; path = "Lato-BoldItalic.ttf"; sourceTree = "<group>"; };
		642256B7215CC3D500CB1822 /* Lato-Light.ttf */ = {isa = PBXFileReference; lastKnownFileType = file; path = "Lato-Light.ttf"; sourceTree = "<group>"; };
		642256B8215CC3D800CB1822 /* Lato-Hairline.ttf */ = {isa = PBXFileReference; lastKnownFileType = file; path = "Lato-Hairline.ttf"; sourceTree = "<group>"; };
		642256B9215CC3DA00CB1822 /* Lato-HairlineItalic.ttf */ = {isa = PBXFileReference; lastKnownFileType = file; path = "Lato-HairlineItalic.ttf"; sourceTree = "<group>"; };
		642256BA215CC3DD00CB1822 /* Lato-Bold.ttf */ = {isa = PBXFileReference; lastKnownFileType = file; path = "Lato-Bold.ttf"; sourceTree = "<group>"; };
		642256BB215CC3DF00CB1822 /* Lato-BlackItalic.ttf */ = {isa = PBXFileReference; lastKnownFileType = file; path = "Lato-BlackItalic.ttf"; sourceTree = "<group>"; };
		642256BC215CC3E100CB1822 /* Lato-Italic.ttf */ = {isa = PBXFileReference; lastKnownFileType = file; path = "Lato-Italic.ttf"; sourceTree = "<group>"; };
		642256BD215CC3E400CB1822 /* Lato-LightItalic.ttf */ = {isa = PBXFileReference; lastKnownFileType = file; path = "Lato-LightItalic.ttf"; sourceTree = "<group>"; };
		642256BE215CC3E600CB1822 /* Lato-Regular.ttf */ = {isa = PBXFileReference; lastKnownFileType = file; path = "Lato-Regular.ttf"; sourceTree = "<group>"; };
		643894D6215654E2003563E0 /* ImdbPageScraper.swift */ = {isa = PBXFileReference; lastKnownFileType = sourcecode.swift; path = ImdbPageScraper.swift; sourceTree = "<group>"; };
		643894D821565510003563E0 /* ImdbFilmScraper.swift */ = {isa = PBXFileReference; lastKnownFileType = sourcecode.swift; path = ImdbFilmScraper.swift; sourceTree = "<group>"; };
		643894DA21576C3E003563E0 /* FilmDetailsViewController.swift */ = {isa = PBXFileReference; lastKnownFileType = sourcecode.swift; path = FilmDetailsViewController.swift; sourceTree = "<group>"; };
		643894DC215773AC003563E0 /* FilmSearchViewController.swift */ = {isa = PBXFileReference; lastKnownFileType = sourcecode.swift; path = FilmSearchViewController.swift; sourceTree = "<group>"; };
		644CEECC216B21B3001CF047 /* StringContent.swift */ = {isa = PBXFileReference; lastKnownFileType = sourcecode.swift; path = StringContent.swift; sourceTree = "<group>"; };
		644CEECE216B23D5001CF047 /* filmostrings.json */ = {isa = PBXFileReference; fileEncoding = 4; lastKnownFileType = text.json; path = filmostrings.json; sourceTree = "<group>"; };
		644CEED0216B27B6001CF047 /* StringIndexableFirebaseSnapshot.swift */ = {isa = PBXFileReference; lastKnownFileType = sourcecode.swift; path = StringIndexableFirebaseSnapshot.swift; sourceTree = "<group>"; };
		644FD9632155F2940000D108 /* ImdbScraper.swift */ = {isa = PBXFileReference; lastKnownFileType = sourcecode.swift; path = ImdbScraper.swift; sourceTree = "<group>"; };
		64C2FEFC2144B4D100D4D7A0 /* Filmo.app */ = {isa = PBXFileReference; explicitFileType = wrapper.application; includeInIndex = 0; path = Filmo.app; sourceTree = BUILT_PRODUCTS_DIR; };
		64C2FEFF2144B4D100D4D7A0 /* AppDelegate.swift */ = {isa = PBXFileReference; lastKnownFileType = sourcecode.swift; path = AppDelegate.swift; sourceTree = "<group>"; };
		64C2FF012144B4D100D4D7A0 /* ViewController.swift */ = {isa = PBXFileReference; lastKnownFileType = sourcecode.swift; path = ViewController.swift; sourceTree = "<group>"; };
		64C2FF042144B4D100D4D7A0 /* Base */ = {isa = PBXFileReference; lastKnownFileType = file.storyboard; name = Base; path = Base.lproj/Main.storyboard; sourceTree = "<group>"; };
		64C2FF062144B4D300D4D7A0 /* Assets.xcassets */ = {isa = PBXFileReference; lastKnownFileType = folder.assetcatalog; path = Assets.xcassets; sourceTree = "<group>"; };
		64C2FF092144B4D300D4D7A0 /* Base */ = {isa = PBXFileReference; lastKnownFileType = file.storyboard; name = Base; path = Base.lproj/LaunchScreen.storyboard; sourceTree = "<group>"; };
		64C2FF0B2144B4D300D4D7A0 /* Info.plist */ = {isa = PBXFileReference; lastKnownFileType = text.plist.xml; path = Info.plist; sourceTree = "<group>"; };
		64C2FF102144B4D300D4D7A0 /* FilmoTests.xctest */ = {isa = PBXFileReference; explicitFileType = wrapper.cfbundle; includeInIndex = 0; path = FilmoTests.xctest; sourceTree = BUILT_PRODUCTS_DIR; };
		64C2FF142144B4D300D4D7A0 /* FilmoTests.swift */ = {isa = PBXFileReference; lastKnownFileType = sourcecode.swift; path = FilmoTests.swift; sourceTree = "<group>"; };
		64C2FF162144B4D300D4D7A0 /* Info.plist */ = {isa = PBXFileReference; lastKnownFileType = text.plist.xml; path = Info.plist; sourceTree = "<group>"; };
		64C2FF1B2144B4D300D4D7A0 /* FilmoUITests.xctest */ = {isa = PBXFileReference; explicitFileType = wrapper.cfbundle; includeInIndex = 0; path = FilmoUITests.xctest; sourceTree = BUILT_PRODUCTS_DIR; };
		64C2FF1F2144B4D300D4D7A0 /* FilmoUITests.swift */ = {isa = PBXFileReference; lastKnownFileType = sourcecode.swift; path = FilmoUITests.swift; sourceTree = "<group>"; };
		64C2FF212144B4D300D4D7A0 /* Info.plist */ = {isa = PBXFileReference; lastKnownFileType = text.plist.xml; path = Info.plist; sourceTree = "<group>"; };
		64C2FF2D2144B59E00D4D7A0 /* GradientView.swift */ = {isa = PBXFileReference; lastKnownFileType = sourcecode.swift; path = GradientView.swift; sourceTree = "<group>"; };
		64C2FF2F2144B7E900D4D7A0 /* ListViewController.swift */ = {isa = PBXFileReference; lastKnownFileType = sourcecode.swift; path = ListViewController.swift; sourceTree = "<group>"; };
		64DD74F9215DCC5D009AC8DA /* FriendsViewController.swift */ = {isa = PBXFileReference; lastKnownFileType = sourcecode.swift; name = FriendsViewController.swift; path = Filmo/ViewControllers/FriendsViewController.swift; sourceTree = SOURCE_ROOT; };
		64DD74FC215DF4C9009AC8DA /* FilmListUpdateListener.swift */ = {isa = PBXFileReference; lastKnownFileType = sourcecode.swift; path = FilmListUpdateListener.swift; sourceTree = "<group>"; };
		64DD74FE21671B76009AC8DA /* StringContentProvider.swift */ = {isa = PBXFileReference; lastKnownFileType = sourcecode.swift; path = StringContentProvider.swift; sourceTree = "<group>"; };
		702AFC027C562A638203C679 /* Pods_FilmoUITests.framework */ = {isa = PBXFileReference; explicitFileType = wrapper.framework; includeInIndex = 0; path = Pods_FilmoUITests.framework; sourceTree = BUILT_PRODUCTS_DIR; };
		7CCA9C1DE76A866E6ED36BD5 /* Pods_Filmo.framework */ = {isa = PBXFileReference; explicitFileType = wrapper.framework; includeInIndex = 0; path = Pods_Filmo.framework; sourceTree = BUILT_PRODUCTS_DIR; };
		9106DE94E7BDCDAB2A1673F1 /* Pods-Filmo.release.xcconfig */ = {isa = PBXFileReference; includeInIndex = 1; lastKnownFileType = text.xcconfig; name = "Pods-Filmo.release.xcconfig"; path = "Pods/Target Support Files/Pods-Filmo/Pods-Filmo.release.xcconfig"; sourceTree = "<group>"; };
		C4CD5997DBCF562271219E65 /* Pods-FilmoTests.release.xcconfig */ = {isa = PBXFileReference; includeInIndex = 1; lastKnownFileType = text.xcconfig; name = "Pods-FilmoTests.release.xcconfig"; path = "Pods/Target Support Files/Pods-FilmoTests/Pods-FilmoTests.release.xcconfig"; sourceTree = "<group>"; };
		C9C947050E930D60DA3B06BC /* Pods-Filmo.debug.xcconfig */ = {isa = PBXFileReference; includeInIndex = 1; lastKnownFileType = text.xcconfig; name = "Pods-Filmo.debug.xcconfig"; path = "Pods/Target Support Files/Pods-Filmo/Pods-Filmo.debug.xcconfig"; sourceTree = "<group>"; };
		D79EEB0730DBF7D621A79FD5 /* Pods-FilmoTests.debug.xcconfig */ = {isa = PBXFileReference; includeInIndex = 1; lastKnownFileType = text.xcconfig; name = "Pods-FilmoTests.debug.xcconfig"; path = "Pods/Target Support Files/Pods-FilmoTests/Pods-FilmoTests.debug.xcconfig"; sourceTree = "<group>"; };
		E154955C915219BF8ED6568F /* Pods_FilmoTests.framework */ = {isa = PBXFileReference; explicitFileType = wrapper.framework; includeInIndex = 0; path = Pods_FilmoTests.framework; sourceTree = BUILT_PRODUCTS_DIR; };
		EEDA320371E64BD7AC4E70B5 /* Pods-FilmoUITests.debug.xcconfig */ = {isa = PBXFileReference; includeInIndex = 1; lastKnownFileType = text.xcconfig; name = "Pods-FilmoUITests.debug.xcconfig"; path = "Pods/Target Support Files/Pods-FilmoUITests/Pods-FilmoUITests.debug.xcconfig"; sourceTree = "<group>"; };
		F60D42FA65C6A0A1EDBFB474 /* Pods-FilmoUITests.release.xcconfig */ = {isa = PBXFileReference; includeInIndex = 1; lastKnownFileType = text.xcconfig; name = "Pods-FilmoUITests.release.xcconfig"; path = "Pods/Target Support Files/Pods-FilmoUITests/Pods-FilmoUITests.release.xcconfig"; sourceTree = "<group>"; };
/* End PBXFileReference section */

/* Begin PBXFrameworksBuildPhase section */
		64C2FEF92144B4D100D4D7A0 /* Frameworks */ = {
			isa = PBXFrameworksBuildPhase;
			buildActionMask = 2147483647;
			files = (
				F8B87D9F95308AD5F658B886 /* Pods_Filmo.framework in Frameworks */,
			);
			runOnlyForDeploymentPostprocessing = 0;
		};
		64C2FF0D2144B4D300D4D7A0 /* Frameworks */ = {
			isa = PBXFrameworksBuildPhase;
			buildActionMask = 2147483647;
			files = (
				25B6DCFF32B66362F499E1D4 /* Pods_FilmoTests.framework in Frameworks */,
			);
			runOnlyForDeploymentPostprocessing = 0;
		};
		64C2FF182144B4D300D4D7A0 /* Frameworks */ = {
			isa = PBXFrameworksBuildPhase;
			buildActionMask = 2147483647;
			files = (
				01ACD5DB487C0A99DD5B67E8 /* Pods_FilmoUITests.framework in Frameworks */,
			);
			runOnlyForDeploymentPostprocessing = 0;
		};
/* End PBXFrameworksBuildPhase section */

/* Begin PBXGroup section */
		4EA9B736873998BE0FB22E88 /* Pods */ = {
			isa = PBXGroup;
			children = (
				C9C947050E930D60DA3B06BC /* Pods-Filmo.debug.xcconfig */,
				9106DE94E7BDCDAB2A1673F1 /* Pods-Filmo.release.xcconfig */,
				D79EEB0730DBF7D621A79FD5 /* Pods-FilmoTests.debug.xcconfig */,
				C4CD5997DBCF562271219E65 /* Pods-FilmoTests.release.xcconfig */,
				EEDA320371E64BD7AC4E70B5 /* Pods-FilmoUITests.debug.xcconfig */,
				F60D42FA65C6A0A1EDBFB474 /* Pods-FilmoUITests.release.xcconfig */,
			);
			name = Pods;
			sourceTree = "<group>";
		};
		6411AF152159C57100460B1F /* Services */ = {
			isa = PBXGroup;
			children = (
				642256A1215C9E7000CB1822 /* Backend */,
				6422569F215C9E4200CB1822 /* FilmDataService */,
				6411AF162159C57B00460B1F /* ServiceProvider.swift */,
			);
			path = Services;
			sourceTree = "<group>";
		};
		641A96EC2158AE5400F65BC0 /* Data Model */ = {
			isa = PBXGroup;
			children = (
				6411AF1C2159E6AD00460B1F /* User.swift */,
			);
			path = "Data Model";
			sourceTree = "<group>";
		};
		641A96F12158AEE100F65BC0 /* Utility */ = {
			isa = PBXGroup;
			children = (
				64C2FF2D2144B59E00D4D7A0 /* GradientView.swift */,
				641A96F22158AEEC00F65BC0 /* StringExtensions.swift */,
				64225696215C701400CB1822 /* PromiseToastExtensions.swift */,
				64225698215C77EA00CB1822 /* UIViewControllerExtensions.swift */,
			);
			path = Utility;
			sourceTree = "<group>";
		};
		641A96F42158BFBF00F65BC0 /* Imdb */ = {
			isa = PBXGroup;
			children = (
				641A96F72158C2DF00F65BC0 /* Imdb.swift */,
				641A96F52158BFCC00F65BC0 /* ImdbMemoryCache.swift */,
			);
			path = Imdb;
			sourceTree = "<group>";
		};
		64225691215C6AA600CB1822 /* ViewControllers */ = {
			isa = PBXGroup;
			children = (
				6422569A215C79B900CB1822 /* Views */,
				64C2FF032144B4D100D4D7A0 /* Main.storyboard */,
				64DD74F9215DCC5D009AC8DA /* FriendsViewController.swift */,
				642256A9215CA4CA00CB1822 /* MainTabBarViewController.swift */,
				643894DA21576C3E003563E0 /* FilmDetailsViewController.swift */,
				64C2FF012144B4D100D4D7A0 /* ViewController.swift */,
				64C2FF2F2144B7E900D4D7A0 /* ListViewController.swift */,
				6422569D215C9D0E00CB1822 /* ListListViewController.swift */,
				643894DC215773AC003563E0 /* FilmSearchViewController.swift */,
				64225692215C6AD800CB1822 /* LoginViewController.swift */,
				64225694215C6CC200CB1822 /* SplashViewController.swift */,
				642256AC215CADE700CB1822 /* SettingsViewController.swift */,
			);
			path = ViewControllers;
			sourceTree = "<group>";
		};
		6422569A215C79B900CB1822 /* Views */ = {
			isa = PBXGroup;
			children = (
			);
			path = Views;
			sourceTree = "<group>";
		};
		6422569F215C9E4200CB1822 /* FilmDataService */ = {
			isa = PBXGroup;
			children = (
				641A96F42158BFBF00F65BC0 /* Imdb */,
				642256A0215C9E5300CB1822 /* FilmDataModel */,
			);
			path = FilmDataService;
			sourceTree = "<group>";
		};
		642256A0215C9E5300CB1822 /* FilmDataModel */ = {
			isa = PBXGroup;
			children = (
				641A96ED2158AE6300F65BC0 /* Film.swift */,
				641A96EF2158AECC00F65BC0 /* Person.swift */,
				6411AF0C2159BD7800460B1F /* Credit.swift */,
				6411AF082159B97100460B1F /* MediaSearchResult.swift */,
			);
			path = FilmDataModel;
			sourceTree = "<group>";
		};
		642256A1215C9E7000CB1822 /* Backend */ = {
			isa = PBXGroup;
			children = (
				64DD74FB215DF4A5009AC8DA /* ObjectUpdateListeners */,
				6411AF0F2159C49E00460B1F /* Backend.swift */,
				642256A3215C9EA300CB1822 /* DataModel */,
				642256A2215C9E7E00CB1822 /* Firebase */,
			);
			path = Backend;
			sourceTree = "<group>";
		};
		642256A2215C9E7E00CB1822 /* Firebase */ = {
			isa = PBXGroup;
			children = (
				6411AF112159C55100460B1F /* FirebaseBackend.swift */,
				642256A4215C9EEE00CB1822 /* FirebaseFilmListSerialisation.swift */,
				644CEED0216B27B6001CF047 /* StringIndexableFirebaseSnapshot.swift */,
			);
			path = Firebase;
			sourceTree = "<group>";
		};
		642256A3215C9EA300CB1822 /* DataModel */ = {
			isa = PBXGroup;
			children = (
				6411AF1A2159E62300460B1F /* FilmList.swift */,
				642256A6215C9F1400CB1822 /* BackendModelSerialiser.swift */,
			);
			path = DataModel;
			sourceTree = "<group>";
		};
		642256AE215CAFD900CB1822 /* Styling */ = {
			isa = PBXGroup;
			children = (
				642256AF215CAFF000CB1822 /* Styler.swift */,
				642256B1215CBA4000CB1822 /* NodeStyler.swift */,
				64DD74FE21671B76009AC8DA /* StringContentProvider.swift */,
				644CEECC216B21B3001CF047 /* StringContent.swift */,
			);
			path = Styling;
			sourceTree = "<group>";
		};
		643894D5215654D0003563E0 /* Scrapers */ = {
			isa = PBXGroup;
			children = (
				643894D6215654E2003563E0 /* ImdbPageScraper.swift */,
				643894D821565510003563E0 /* ImdbFilmScraper.swift */,
				6411AF0A2159BA5300460B1F /* ImdbPersonScraper.swift */,
			);
			path = Scrapers;
			sourceTree = "<group>";
		};
		64C2FEF32144B4D100D4D7A0 = {
			isa = PBXGroup;
			children = (
				64C2FEFE2144B4D100D4D7A0 /* Filmo */,
				64C2FF132144B4D300D4D7A0 /* FilmoTests */,
				64C2FF1E2144B4D300D4D7A0 /* FilmoUITests */,
				64C2FEFD2144B4D100D4D7A0 /* Products */,
				4EA9B736873998BE0FB22E88 /* Pods */,
				A0829CCCCEA11491868F0093 /* Frameworks */,
			);
			sourceTree = "<group>";
		};
		64C2FEFD2144B4D100D4D7A0 /* Products */ = {
			isa = PBXGroup;
			children = (
				64C2FEFC2144B4D100D4D7A0 /* Filmo.app */,
				64C2FF102144B4D300D4D7A0 /* FilmoTests.xctest */,
				64C2FF1B2144B4D300D4D7A0 /* FilmoUITests.xctest */,
			);
			name = Products;
			sourceTree = "<group>";
		};
		64C2FEFE2144B4D100D4D7A0 /* Filmo */ = {
			isa = PBXGroup;
			children = (
				642256AE215CAFD900CB1822 /* Styling */,
				64225691215C6AA600CB1822 /* ViewControllers */,
				6411AF182159C78900460B1F /* GoogleService-Info.plist */,
				6411AF152159C57100460B1F /* Services */,
				641A96F12158AEE100F65BC0 /* Utility */,
				641A96EC2158AE5400F65BC0 /* Data Model */,
				64C2FEFF2144B4D100D4D7A0 /* AppDelegate.swift */,
				64C2FF062144B4D300D4D7A0 /* Assets.xcassets */,
				642256B5215CC3D000CB1822 /* Lato-Black.ttf */,
				642256BB215CC3DF00CB1822 /* Lato-BlackItalic.ttf */,
				642256BA215CC3DD00CB1822 /* Lato-Bold.ttf */,
				642256B6215CC3D300CB1822 /* Lato-BoldItalic.ttf */,
				642256B8215CC3D800CB1822 /* Lato-Hairline.ttf */,
				642256B9215CC3DA00CB1822 /* Lato-HairlineItalic.ttf */,
				642256BC215CC3E100CB1822 /* Lato-Italic.ttf */,
				642256B7215CC3D500CB1822 /* Lato-Light.ttf */,
				642256BD215CC3E400CB1822 /* Lato-LightItalic.ttf */,
				642256BE215CC3E600CB1822 /* Lato-Regular.ttf */,
				642256B3215CBFC100CB1822 /* YeonSung-Regular.ttf */,
				644CEECE216B23D5001CF047 /* filmostrings.json */,
				64C2FF082144B4D300D4D7A0 /* LaunchScreen.storyboard */,
				64C2FF0B2144B4D300D4D7A0 /* Info.plist */,
				644FD9632155F2940000D108 /* ImdbScraper.swift */,
				643894D5215654D0003563E0 /* Scrapers */,
				6411AF062159B60800460B1F /* Initialisers.swift */,
			);
			path = Filmo;
			sourceTree = "<group>";
		};
		64C2FF132144B4D300D4D7A0 /* FilmoTests */ = {
			isa = PBXGroup;
			children = (
				64C2FF142144B4D300D4D7A0 /* FilmoTests.swift */,
				64C2FF162144B4D300D4D7A0 /* Info.plist */,
			);
			path = FilmoTests;
			sourceTree = "<group>";
		};
		64C2FF1E2144B4D300D4D7A0 /* FilmoUITests */ = {
			isa = PBXGroup;
			children = (
				64C2FF1F2144B4D300D4D7A0 /* FilmoUITests.swift */,
				64C2FF212144B4D300D4D7A0 /* Info.plist */,
			);
			path = FilmoUITests;
			sourceTree = "<group>";
		};
		64DD74FB215DF4A5009AC8DA /* ObjectUpdateListeners */ = {
			isa = PBXGroup;
			children = (
				64DD74FC215DF4C9009AC8DA /* FilmListUpdateListener.swift */,
			);
			path = ObjectUpdateListeners;
			sourceTree = "<group>";
		};
		A0829CCCCEA11491868F0093 /* Frameworks */ = {
			isa = PBXGroup;
			children = (
				7CCA9C1DE76A866E6ED36BD5 /* Pods_Filmo.framework */,
				E154955C915219BF8ED6568F /* Pods_FilmoTests.framework */,
				702AFC027C562A638203C679 /* Pods_FilmoUITests.framework */,
			);
			name = Frameworks;
			sourceTree = "<group>";
		};
/* End PBXGroup section */

/* Begin PBXNativeTarget section */
		64C2FEFB2144B4D100D4D7A0 /* Filmo */ = {
			isa = PBXNativeTarget;
			buildConfigurationList = 64C2FF242144B4D300D4D7A0 /* Build configuration list for PBXNativeTarget "Filmo" */;
			buildPhases = (
				BEB3A0AF8F54484E55A31414 /* [CP] Check Pods Manifest.lock */,
				64C2FEF82144B4D100D4D7A0 /* Sources */,
				64C2FEF92144B4D100D4D7A0 /* Frameworks */,
				64C2FEFA2144B4D100D4D7A0 /* Resources */,
				52C2A70DDB3BC165326F555C /* [CP] Embed Pods Frameworks */,
			);
			buildRules = (
			);
			dependencies = (
			);
			name = Filmo;
			productName = Filmo;
			productReference = 64C2FEFC2144B4D100D4D7A0 /* Filmo.app */;
			productType = "com.apple.product-type.application";
		};
		64C2FF0F2144B4D300D4D7A0 /* FilmoTests */ = {
			isa = PBXNativeTarget;
			buildConfigurationList = 64C2FF272144B4D300D4D7A0 /* Build configuration list for PBXNativeTarget "FilmoTests" */;
			buildPhases = (
				9508C9DCFB2E17862D9C041A /* [CP] Check Pods Manifest.lock */,
				64C2FF0C2144B4D300D4D7A0 /* Sources */,
				64C2FF0D2144B4D300D4D7A0 /* Frameworks */,
				64C2FF0E2144B4D300D4D7A0 /* Resources */,
			);
			buildRules = (
			);
			dependencies = (
				64C2FF122144B4D300D4D7A0 /* PBXTargetDependency */,
			);
			name = FilmoTests;
			productName = FilmoTests;
			productReference = 64C2FF102144B4D300D4D7A0 /* FilmoTests.xctest */;
			productType = "com.apple.product-type.bundle.unit-test";
		};
		64C2FF1A2144B4D300D4D7A0 /* FilmoUITests */ = {
			isa = PBXNativeTarget;
			buildConfigurationList = 64C2FF2A2144B4D300D4D7A0 /* Build configuration list for PBXNativeTarget "FilmoUITests" */;
			buildPhases = (
				0DA030316115778D52090C58 /* [CP] Check Pods Manifest.lock */,
				64C2FF172144B4D300D4D7A0 /* Sources */,
				64C2FF182144B4D300D4D7A0 /* Frameworks */,
				64C2FF192144B4D300D4D7A0 /* Resources */,
			);
			buildRules = (
			);
			dependencies = (
				64C2FF1D2144B4D300D4D7A0 /* PBXTargetDependency */,
			);
			name = FilmoUITests;
			productName = FilmoUITests;
			productReference = 64C2FF1B2144B4D300D4D7A0 /* FilmoUITests.xctest */;
			productType = "com.apple.product-type.bundle.ui-testing";
		};
/* End PBXNativeTarget section */

/* Begin PBXProject section */
		64C2FEF42144B4D100D4D7A0 /* Project object */ = {
			isa = PBXProject;
			attributes = {
				LastSwiftUpdateCheck = 1000;
				LastUpgradeCheck = 1000;
				ORGANIZATIONNAME = "Benjamin Frost";
				TargetAttributes = {
					64C2FEFB2144B4D100D4D7A0 = {
						CreatedOnToolsVersion = 10.0;
					};
					64C2FF0F2144B4D300D4D7A0 = {
						CreatedOnToolsVersion = 10.0;
						TestTargetID = 64C2FEFB2144B4D100D4D7A0;
					};
					64C2FF1A2144B4D300D4D7A0 = {
						CreatedOnToolsVersion = 10.0;
						TestTargetID = 64C2FEFB2144B4D100D4D7A0;
					};
				};
			};
			buildConfigurationList = 64C2FEF72144B4D100D4D7A0 /* Build configuration list for PBXProject "Filmo" */;
			compatibilityVersion = "Xcode 9.3";
			developmentRegion = en;
			hasScannedForEncodings = 0;
			knownRegions = (
				en,
				Base,
			);
			mainGroup = 64C2FEF32144B4D100D4D7A0;
			productRefGroup = 64C2FEFD2144B4D100D4D7A0 /* Products */;
			projectDirPath = "";
			projectRoot = "";
			targets = (
				64C2FEFB2144B4D100D4D7A0 /* Filmo */,
				64C2FF0F2144B4D300D4D7A0 /* FilmoTests */,
				64C2FF1A2144B4D300D4D7A0 /* FilmoUITests */,
			);
		};
/* End PBXProject section */

/* Begin PBXResourcesBuildPhase section */
		64C2FEFA2144B4D100D4D7A0 /* Resources */ = {
			isa = PBXResourcesBuildPhase;
			buildActionMask = 2147483647;
			files = (
				642256C4215CC3E600CB1822 /* Lato-Bold.ttf in Resources */,
				64C2FF0A2144B4D300D4D7A0 /* LaunchScreen.storyboard in Resources */,
				642256C6215CC3E600CB1822 /* Lato-Italic.ttf in Resources */,
				642256B4215CC00500CB1822 /* YeonSung-Regular.ttf in Resources */,
				642256C3215CC3E600CB1822 /* Lato-HairlineItalic.ttf in Resources */,
				6411AF192159C78900460B1F /* GoogleService-Info.plist in Resources */,
				64C2FF072144B4D300D4D7A0 /* Assets.xcassets in Resources */,
				642256C8215CC3E600CB1822 /* Lato-Regular.ttf in Resources */,
				642256BF215CC3E600CB1822 /* Lato-Black.ttf in Resources */,
				642256C2215CC3E600CB1822 /* Lato-Hairline.ttf in Resources */,
				644CEECF216B23D5001CF047 /* filmostrings.json in Resources */,
				642256C5215CC3E600CB1822 /* Lato-BlackItalic.ttf in Resources */,
				642256C0215CC3E600CB1822 /* Lato-BoldItalic.ttf in Resources */,
				64C2FF052144B4D100D4D7A0 /* Main.storyboard in Resources */,
				642256C1215CC3E600CB1822 /* Lato-Light.ttf in Resources */,
				642256C7215CC3E600CB1822 /* Lato-LightItalic.ttf in Resources */,
			);
			runOnlyForDeploymentPostprocessing = 0;
		};
		64C2FF0E2144B4D300D4D7A0 /* Resources */ = {
			isa = PBXResourcesBuildPhase;
			buildActionMask = 2147483647;
			files = (
			);
			runOnlyForDeploymentPostprocessing = 0;
		};
		64C2FF192144B4D300D4D7A0 /* Resources */ = {
			isa = PBXResourcesBuildPhase;
			buildActionMask = 2147483647;
			files = (
			);
			runOnlyForDeploymentPostprocessing = 0;
		};
/* End PBXResourcesBuildPhase section */

/* Begin PBXShellScriptBuildPhase section */
		0DA030316115778D52090C58 /* [CP] Check Pods Manifest.lock */ = {
			isa = PBXShellScriptBuildPhase;
			buildActionMask = 2147483647;
			files = (
			);
			inputPaths = (
				"${PODS_PODFILE_DIR_PATH}/Podfile.lock",
				"${PODS_ROOT}/Manifest.lock",
			);
			name = "[CP] Check Pods Manifest.lock";
			outputPaths = (
				"$(DERIVED_FILE_DIR)/Pods-FilmoUITests-checkManifestLockResult.txt",
			);
			runOnlyForDeploymentPostprocessing = 0;
			shellPath = /bin/sh;
			shellScript = "diff \"${PODS_PODFILE_DIR_PATH}/Podfile.lock\" \"${PODS_ROOT}/Manifest.lock\" > /dev/null\nif [ $? != 0 ] ; then\n    # print error to STDERR\n    echo \"error: The sandbox is not in sync with the Podfile.lock. Run 'pod install' or update your CocoaPods installation.\" >&2\n    exit 1\nfi\n# This output is used by Xcode 'outputs' to avoid re-running this script phase.\necho \"SUCCESS\" > \"${SCRIPT_OUTPUT_FILE_0}\"\n";
			showEnvVarsInLog = 0;
		};
		52C2A70DDB3BC165326F555C /* [CP] Embed Pods Frameworks */ = {
			isa = PBXShellScriptBuildPhase;
			buildActionMask = 2147483647;
			files = (
			);
			inputPaths = (
				"${SRCROOT}/Pods/Target Support Files/Pods-Filmo/Pods-Filmo-frameworks.sh",
				"${BUILT_PRODUCTS_DIR}/Alamofire/Alamofire.framework",
				"${BUILT_PRODUCTS_DIR}/Fuzi/Fuzi.framework",
				"${BUILT_PRODUCTS_DIR}/GTMSessionFetcher/GTMSessionFetcher.framework",
				"${BUILT_PRODUCTS_DIR}/GoogleUtilities/GoogleUtilities.framework",
				"${BUILT_PRODUCTS_DIR}/PromiseKit/PromiseKit.framework",
				"${BUILT_PRODUCTS_DIR}/SwiftReorder/SwiftReorder.framework",
				"${BUILT_PRODUCTS_DIR}/Toast-Swift/Toast_Swift.framework",
				"${BUILT_PRODUCTS_DIR}/leveldb-library/leveldb.framework",
				"${BUILT_PRODUCTS_DIR}/nanopb/nanopb.framework",
			);
			name = "[CP] Embed Pods Frameworks";
			outputPaths = (
				"${TARGET_BUILD_DIR}/${FRAMEWORKS_FOLDER_PATH}/Alamofire.framework",
				"${TARGET_BUILD_DIR}/${FRAMEWORKS_FOLDER_PATH}/Fuzi.framework",
				"${TARGET_BUILD_DIR}/${FRAMEWORKS_FOLDER_PATH}/GTMSessionFetcher.framework",
				"${TARGET_BUILD_DIR}/${FRAMEWORKS_FOLDER_PATH}/GoogleUtilities.framework",
				"${TARGET_BUILD_DIR}/${FRAMEWORKS_FOLDER_PATH}/PromiseKit.framework",
				"${TARGET_BUILD_DIR}/${FRAMEWORKS_FOLDER_PATH}/SwiftReorder.framework",
				"${TARGET_BUILD_DIR}/${FRAMEWORKS_FOLDER_PATH}/Toast_Swift.framework",
				"${TARGET_BUILD_DIR}/${FRAMEWORKS_FOLDER_PATH}/leveldb.framework",
				"${TARGET_BUILD_DIR}/${FRAMEWORKS_FOLDER_PATH}/nanopb.framework",
			);
			runOnlyForDeploymentPostprocessing = 0;
			shellPath = /bin/sh;
			shellScript = "\"${SRCROOT}/Pods/Target Support Files/Pods-Filmo/Pods-Filmo-frameworks.sh\"\n";
			showEnvVarsInLog = 0;
		};
		9508C9DCFB2E17862D9C041A /* [CP] Check Pods Manifest.lock */ = {
			isa = PBXShellScriptBuildPhase;
			buildActionMask = 2147483647;
			files = (
			);
			inputPaths = (
				"${PODS_PODFILE_DIR_PATH}/Podfile.lock",
				"${PODS_ROOT}/Manifest.lock",
			);
			name = "[CP] Check Pods Manifest.lock";
			outputPaths = (
				"$(DERIVED_FILE_DIR)/Pods-FilmoTests-checkManifestLockResult.txt",
			);
			runOnlyForDeploymentPostprocessing = 0;
			shellPath = /bin/sh;
			shellScript = "diff \"${PODS_PODFILE_DIR_PATH}/Podfile.lock\" \"${PODS_ROOT}/Manifest.lock\" > /dev/null\nif [ $? != 0 ] ; then\n    # print error to STDERR\n    echo \"error: The sandbox is not in sync with the Podfile.lock. Run 'pod install' or update your CocoaPods installation.\" >&2\n    exit 1\nfi\n# This output is used by Xcode 'outputs' to avoid re-running this script phase.\necho \"SUCCESS\" > \"${SCRIPT_OUTPUT_FILE_0}\"\n";
			showEnvVarsInLog = 0;
		};
		BEB3A0AF8F54484E55A31414 /* [CP] Check Pods Manifest.lock */ = {
			isa = PBXShellScriptBuildPhase;
			buildActionMask = 2147483647;
			files = (
			);
			inputPaths = (
				"${PODS_PODFILE_DIR_PATH}/Podfile.lock",
				"${PODS_ROOT}/Manifest.lock",
			);
			name = "[CP] Check Pods Manifest.lock";
			outputPaths = (
				"$(DERIVED_FILE_DIR)/Pods-Filmo-checkManifestLockResult.txt",
			);
			runOnlyForDeploymentPostprocessing = 0;
			shellPath = /bin/sh;
			shellScript = "diff \"${PODS_PODFILE_DIR_PATH}/Podfile.lock\" \"${PODS_ROOT}/Manifest.lock\" > /dev/null\nif [ $? != 0 ] ; then\n    # print error to STDERR\n    echo \"error: The sandbox is not in sync with the Podfile.lock. Run 'pod install' or update your CocoaPods installation.\" >&2\n    exit 1\nfi\n# This output is used by Xcode 'outputs' to avoid re-running this script phase.\necho \"SUCCESS\" > \"${SCRIPT_OUTPUT_FILE_0}\"\n";
			showEnvVarsInLog = 0;
		};
/* End PBXShellScriptBuildPhase section */

/* Begin PBXSourcesBuildPhase section */
		64C2FEF82144B4D100D4D7A0 /* Sources */ = {
			isa = PBXSourcesBuildPhase;
			buildActionMask = 2147483647;
			files = (
				644CEECD216B21B3001CF047 /* StringContent.swift in Sources */,
				6411AF0D2159BD7800460B1F /* Credit.swift in Sources */,
				642256A5215C9EEE00CB1822 /* FirebaseFilmListSerialisation.swift in Sources */,
				641A96F32158AEEC00F65BC0 /* StringExtensions.swift in Sources */,
				642256B0215CAFF000CB1822 /* Styler.swift in Sources */,
				64C2FF022144B4D100D4D7A0 /* ViewController.swift in Sources */,
				643894D7215654E2003563E0 /* ImdbPageScraper.swift in Sources */,
				64C2FF002144B4D100D4D7A0 /* AppDelegate.swift in Sources */,
				643894D921565510003563E0 /* ImdbFilmScraper.swift in Sources */,
				64DD74FD215DF4C9009AC8DA /* FilmListUpdateListener.swift in Sources */,
				642256AD215CADE700CB1822 /* SettingsViewController.swift in Sources */,
				642256A7215C9F1400CB1822 /* BackendModelSerialiser.swift in Sources */,
				641A96F02158AECC00F65BC0 /* Person.swift in Sources */,
				64DD74FA215DCC5D009AC8DA /* FriendsViewController.swift in Sources */,
				644FD9642155F2940000D108 /* ImdbScraper.swift in Sources */,
				6411AF092159B97100460B1F /* MediaSearchResult.swift in Sources */,
				6411AF072159B60800460B1F /* Initialisers.swift in Sources */,
				6411AF1B2159E62300460B1F /* FilmList.swift in Sources */,
				6422569E215C9D0E00CB1822 /* ListListViewController.swift in Sources */,
				641A96EE2158AE6300F65BC0 /* Film.swift in Sources */,
				64225697215C701400CB1822 /* PromiseToastExtensions.swift in Sources */,
				64225693215C6AD800CB1822 /* LoginViewController.swift in Sources */,
				64C2FF302144B7E900D4D7A0 /* ListViewController.swift in Sources */,
				641A96F82158C2DF00F65BC0 /* Imdb.swift in Sources */,
				643894DD215773AC003563E0 /* FilmSearchViewController.swift in Sources */,
				64C2FF2E2144B59E00D4D7A0 /* GradientView.swift in Sources */,
				6411AF0B2159BA5300460B1F /* ImdbPersonScraper.swift in Sources */,
				64225699215C77EA00CB1822 /* UIViewControllerExtensions.swift in Sources */,
				64225695215C6CC200CB1822 /* SplashViewController.swift in Sources */,
				641A96F62158BFCC00F65BC0 /* ImdbMemoryCache.swift in Sources */,
				6411AF122159C55100460B1F /* FirebaseBackend.swift in Sources */,
				642256B2215CBA4000CB1822 /* NodeStyler.swift in Sources */,
				6411AF1D2159E6AD00460B1F /* User.swift in Sources */,
				6411AF102159C49E00460B1F /* Backend.swift in Sources */,
				64DD74FF21671B76009AC8DA /* StringContentProvider.swift in Sources */,
				6411AF172159C57B00460B1F /* ServiceProvider.swift in Sources */,
				643894DB21576C3E003563E0 /* FilmDetailsViewController.swift in Sources */,
				644CEED1216B27B6001CF047 /* StringIndexableFirebaseSnapshot.swift in Sources */,
				642256AA215CA4CA00CB1822 /* MainTabBarViewController.swift in Sources */,
			);
			runOnlyForDeploymentPostprocessing = 0;
		};
		64C2FF0C2144B4D300D4D7A0 /* Sources */ = {
			isa = PBXSourcesBuildPhase;
			buildActionMask = 2147483647;
			files = (
				64C2FF152144B4D300D4D7A0 /* FilmoTests.swift in Sources */,
			);
			runOnlyForDeploymentPostprocessing = 0;
		};
		64C2FF172144B4D300D4D7A0 /* Sources */ = {
			isa = PBXSourcesBuildPhase;
			buildActionMask = 2147483647;
			files = (
				64C2FF202144B4D300D4D7A0 /* FilmoUITests.swift in Sources */,
			);
			runOnlyForDeploymentPostprocessing = 0;
		};
/* End PBXSourcesBuildPhase section */

/* Begin PBXTargetDependency section */
		64C2FF122144B4D300D4D7A0 /* PBXTargetDependency */ = {
			isa = PBXTargetDependency;
			target = 64C2FEFB2144B4D100D4D7A0 /* Filmo */;
			targetProxy = 64C2FF112144B4D300D4D7A0 /* PBXContainerItemProxy */;
		};
		64C2FF1D2144B4D300D4D7A0 /* PBXTargetDependency */ = {
			isa = PBXTargetDependency;
			target = 64C2FEFB2144B4D100D4D7A0 /* Filmo */;
			targetProxy = 64C2FF1C2144B4D300D4D7A0 /* PBXContainerItemProxy */;
		};
/* End PBXTargetDependency section */

/* Begin PBXVariantGroup section */
		64C2FF032144B4D100D4D7A0 /* Main.storyboard */ = {
			isa = PBXVariantGroup;
			children = (
				64C2FF042144B4D100D4D7A0 /* Base */,
			);
			name = Main.storyboard;
			sourceTree = "<group>";
		};
		64C2FF082144B4D300D4D7A0 /* LaunchScreen.storyboard */ = {
			isa = PBXVariantGroup;
			children = (
				64C2FF092144B4D300D4D7A0 /* Base */,
			);
			name = LaunchScreen.storyboard;
			sourceTree = "<group>";
		};
/* End PBXVariantGroup section */

/* Begin XCBuildConfiguration section */
		64C2FF222144B4D300D4D7A0 /* Debug */ = {
			isa = XCBuildConfiguration;
			buildSettings = {
				ALWAYS_SEARCH_USER_PATHS = NO;
				CLANG_ANALYZER_NONNULL = YES;
				CLANG_ANALYZER_NUMBER_OBJECT_CONVERSION = YES_AGGRESSIVE;
				CLANG_CXX_LANGUAGE_STANDARD = "gnu++14";
				CLANG_CXX_LIBRARY = "libc++";
				CLANG_ENABLE_MODULES = YES;
				CLANG_ENABLE_OBJC_ARC = YES;
				CLANG_ENABLE_OBJC_WEAK = YES;
				CLANG_WARN_BLOCK_CAPTURE_AUTORELEASING = YES;
				CLANG_WARN_BOOL_CONVERSION = YES;
				CLANG_WARN_COMMA = YES;
				CLANG_WARN_CONSTANT_CONVERSION = YES;
				CLANG_WARN_DEPRECATED_OBJC_IMPLEMENTATIONS = YES;
				CLANG_WARN_DIRECT_OBJC_ISA_USAGE = YES_ERROR;
				CLANG_WARN_DOCUMENTATION_COMMENTS = YES;
				CLANG_WARN_EMPTY_BODY = YES;
				CLANG_WARN_ENUM_CONVERSION = YES;
				CLANG_WARN_INFINITE_RECURSION = YES;
				CLANG_WARN_INT_CONVERSION = YES;
				CLANG_WARN_NON_LITERAL_NULL_CONVERSION = YES;
				CLANG_WARN_OBJC_IMPLICIT_RETAIN_SELF = YES;
				CLANG_WARN_OBJC_LITERAL_CONVERSION = YES;
				CLANG_WARN_OBJC_ROOT_CLASS = YES_ERROR;
				CLANG_WARN_RANGE_LOOP_ANALYSIS = YES;
				CLANG_WARN_STRICT_PROTOTYPES = YES;
				CLANG_WARN_SUSPICIOUS_MOVE = YES;
				CLANG_WARN_UNGUARDED_AVAILABILITY = YES_AGGRESSIVE;
				CLANG_WARN_UNREACHABLE_CODE = YES;
				CLANG_WARN__DUPLICATE_METHOD_MATCH = YES;
				CODE_SIGN_IDENTITY = "iPhone Developer";
				COPY_PHASE_STRIP = NO;
				DEBUG_INFORMATION_FORMAT = dwarf;
				ENABLE_STRICT_OBJC_MSGSEND = YES;
				ENABLE_TESTABILITY = YES;
				GCC_C_LANGUAGE_STANDARD = gnu11;
				GCC_DYNAMIC_NO_PIC = NO;
				GCC_NO_COMMON_BLOCKS = YES;
				GCC_OPTIMIZATION_LEVEL = 0;
				GCC_PREPROCESSOR_DEFINITIONS = (
					"DEBUG=1",
					"$(inherited)",
				);
				GCC_WARN_64_TO_32_BIT_CONVERSION = YES;
				GCC_WARN_ABOUT_RETURN_TYPE = YES_ERROR;
				GCC_WARN_UNDECLARED_SELECTOR = YES;
				GCC_WARN_UNINITIALIZED_AUTOS = YES_AGGRESSIVE;
				GCC_WARN_UNUSED_FUNCTION = YES;
				GCC_WARN_UNUSED_VARIABLE = YES;
				IPHONEOS_DEPLOYMENT_TARGET = 10.0;
				MTL_ENABLE_DEBUG_INFO = INCLUDE_SOURCE;
				ONLY_ACTIVE_ARCH = YES;
				SDKROOT = iphoneos;
				SWIFT_ACTIVE_COMPILATION_CONDITIONS = DEBUG;
				SWIFT_OPTIMIZATION_LEVEL = "-Onone";
			};
			name = Debug;
		};
		64C2FF232144B4D300D4D7A0 /* Release */ = {
			isa = XCBuildConfiguration;
			buildSettings = {
				ALWAYS_SEARCH_USER_PATHS = NO;
				CLANG_ANALYZER_NONNULL = YES;
				CLANG_ANALYZER_NUMBER_OBJECT_CONVERSION = YES_AGGRESSIVE;
				CLANG_CXX_LANGUAGE_STANDARD = "gnu++14";
				CLANG_CXX_LIBRARY = "libc++";
				CLANG_ENABLE_MODULES = YES;
				CLANG_ENABLE_OBJC_ARC = YES;
				CLANG_ENABLE_OBJC_WEAK = YES;
				CLANG_WARN_BLOCK_CAPTURE_AUTORELEASING = YES;
				CLANG_WARN_BOOL_CONVERSION = YES;
				CLANG_WARN_COMMA = YES;
				CLANG_WARN_CONSTANT_CONVERSION = YES;
				CLANG_WARN_DEPRECATED_OBJC_IMPLEMENTATIONS = YES;
				CLANG_WARN_DIRECT_OBJC_ISA_USAGE = YES_ERROR;
				CLANG_WARN_DOCUMENTATION_COMMENTS = YES;
				CLANG_WARN_EMPTY_BODY = YES;
				CLANG_WARN_ENUM_CONVERSION = YES;
				CLANG_WARN_INFINITE_RECURSION = YES;
				CLANG_WARN_INT_CONVERSION = YES;
				CLANG_WARN_NON_LITERAL_NULL_CONVERSION = YES;
				CLANG_WARN_OBJC_IMPLICIT_RETAIN_SELF = YES;
				CLANG_WARN_OBJC_LITERAL_CONVERSION = YES;
				CLANG_WARN_OBJC_ROOT_CLASS = YES_ERROR;
				CLANG_WARN_RANGE_LOOP_ANALYSIS = YES;
				CLANG_WARN_STRICT_PROTOTYPES = YES;
				CLANG_WARN_SUSPICIOUS_MOVE = YES;
				CLANG_WARN_UNGUARDED_AVAILABILITY = YES_AGGRESSIVE;
				CLANG_WARN_UNREACHABLE_CODE = YES;
				CLANG_WARN__DUPLICATE_METHOD_MATCH = YES;
				CODE_SIGN_IDENTITY = "iPhone Developer";
				COPY_PHASE_STRIP = NO;
				DEBUG_INFORMATION_FORMAT = "dwarf-with-dsym";
				ENABLE_NS_ASSERTIONS = NO;
				ENABLE_STRICT_OBJC_MSGSEND = YES;
				GCC_C_LANGUAGE_STANDARD = gnu11;
				GCC_NO_COMMON_BLOCKS = YES;
				GCC_WARN_64_TO_32_BIT_CONVERSION = YES;
				GCC_WARN_ABOUT_RETURN_TYPE = YES_ERROR;
				GCC_WARN_UNDECLARED_SELECTOR = YES;
				GCC_WARN_UNINITIALIZED_AUTOS = YES_AGGRESSIVE;
				GCC_WARN_UNUSED_FUNCTION = YES;
				GCC_WARN_UNUSED_VARIABLE = YES;
				IPHONEOS_DEPLOYMENT_TARGET = 10.0;
				MTL_ENABLE_DEBUG_INFO = NO;
				SDKROOT = iphoneos;
				SWIFT_COMPILATION_MODE = wholemodule;
				SWIFT_OPTIMIZATION_LEVEL = "-O";
				VALIDATE_PRODUCT = YES;
			};
			name = Release;
		};
		64C2FF252144B4D300D4D7A0 /* Debug */ = {
			isa = XCBuildConfiguration;
			baseConfigurationReference = C9C947050E930D60DA3B06BC /* Pods-Filmo.debug.xcconfig */;
			buildSettings = {
				ASSETCATALOG_COMPILER_APPICON_NAME = AppIcon;
				CODE_SIGN_STYLE = Manual;
				DEVELOPMENT_TEAM = "";
				INFOPLIST_FILE = Filmo/Info.plist;
				LD_RUNPATH_SEARCH_PATHS = (
					"$(inherited)",
					"@executable_path/Frameworks",
				);
				PRODUCT_BUNDLE_IDENTIFIER = jonathon.dollal.Filmo;
				PRODUCT_NAME = "$(TARGET_NAME)";
				PROVISIONING_PROFILE_SPECIFIER = "";
				SWIFT_VERSION = 4.2;
				TARGETED_DEVICE_FAMILY = "1,2";
			};
			name = Debug;
		};
		64C2FF262144B4D300D4D7A0 /* Release */ = {
			isa = XCBuildConfiguration;
			baseConfigurationReference = 9106DE94E7BDCDAB2A1673F1 /* Pods-Filmo.release.xcconfig */;
			buildSettings = {
				ASSETCATALOG_COMPILER_APPICON_NAME = AppIcon;
				CODE_SIGN_STYLE = Manual;
				DEVELOPMENT_TEAM = "";
				INFOPLIST_FILE = Filmo/Info.plist;
				LD_RUNPATH_SEARCH_PATHS = (
					"$(inherited)",
					"@executable_path/Frameworks",
				);
				PRODUCT_BUNDLE_IDENTIFIER = jonathon.dollal.Filmo;
				PRODUCT_NAME = "$(TARGET_NAME)";
				PROVISIONING_PROFILE_SPECIFIER = "";
				SWIFT_VERSION = 4.2;
				TARGETED_DEVICE_FAMILY = "1,2";
			};
			name = Release;
		};
		64C2FF282144B4D300D4D7A0 /* Debug */ = {
			isa = XCBuildConfiguration;
			baseConfigurationReference = D79EEB0730DBF7D621A79FD5 /* Pods-FilmoTests.debug.xcconfig */;
			buildSettings = {
				ALWAYS_EMBED_SWIFT_STANDARD_LIBRARIES = YES;
				BUNDLE_LOADER = "$(TEST_HOST)";
				CODE_SIGN_STYLE = Automatic;
				INFOPLIST_FILE = FilmoTests/Info.plist;
				LD_RUNPATH_SEARCH_PATHS = (
					"$(inherited)",
					"@executable_path/Frameworks",
					"@loader_path/Frameworks",
				);
				PRODUCT_BUNDLE_IDENTIFIER = jonathon.dollal.FilmoTests;
				PRODUCT_NAME = "$(TARGET_NAME)";
				SWIFT_VERSION = 4.2;
				TARGETED_DEVICE_FAMILY = "1,2";
				TEST_HOST = "$(BUILT_PRODUCTS_DIR)/Filmo.app/Filmo";
			};
			name = Debug;
		};
		64C2FF292144B4D300D4D7A0 /* Release */ = {
			isa = XCBuildConfiguration;
			baseConfigurationReference = C4CD5997DBCF562271219E65 /* Pods-FilmoTests.release.xcconfig */;
			buildSettings = {
				ALWAYS_EMBED_SWIFT_STANDARD_LIBRARIES = YES;
				BUNDLE_LOADER = "$(TEST_HOST)";
				CODE_SIGN_STYLE = Automatic;
				INFOPLIST_FILE = FilmoTests/Info.plist;
				LD_RUNPATH_SEARCH_PATHS = (
					"$(inherited)",
					"@executable_path/Frameworks",
					"@loader_path/Frameworks",
				);
				PRODUCT_BUNDLE_IDENTIFIER = jonathon.dollal.FilmoTests;
				PRODUCT_NAME = "$(TARGET_NAME)";
				SWIFT_VERSION = 4.2;
				TARGETED_DEVICE_FAMILY = "1,2";
				TEST_HOST = "$(BUILT_PRODUCTS_DIR)/Filmo.app/Filmo";
			};
			name = Release;
		};
		64C2FF2B2144B4D300D4D7A0 /* Debug */ = {
			isa = XCBuildConfiguration;
			baseConfigurationReference = EEDA320371E64BD7AC4E70B5 /* Pods-FilmoUITests.debug.xcconfig */;
			buildSettings = {
				ALWAYS_EMBED_SWIFT_STANDARD_LIBRARIES = YES;
				CODE_SIGN_STYLE = Automatic;
				INFOPLIST_FILE = FilmoUITests/Info.plist;
				LD_RUNPATH_SEARCH_PATHS = (
					"$(inherited)",
					"@executable_path/Frameworks",
					"@loader_path/Frameworks",
				);
				PRODUCT_BUNDLE_IDENTIFIER = jonathon.dollal.FilmoUITests;
				PRODUCT_NAME = "$(TARGET_NAME)";
				SWIFT_VERSION = 4.2;
				TARGETED_DEVICE_FAMILY = "1,2";
				TEST_TARGET_NAME = Filmo;
			};
			name = Debug;
		};
		64C2FF2C2144B4D300D4D7A0 /* Release */ = {
			isa = XCBuildConfiguration;
			baseConfigurationReference = F60D42FA65C6A0A1EDBFB474 /* Pods-FilmoUITests.release.xcconfig */;
			buildSettings = {
				ALWAYS_EMBED_SWIFT_STANDARD_LIBRARIES = YES;
				CODE_SIGN_STYLE = Automatic;
				INFOPLIST_FILE = FilmoUITests/Info.plist;
				LD_RUNPATH_SEARCH_PATHS = (
					"$(inherited)",
					"@executable_path/Frameworks",
					"@loader_path/Frameworks",
				);
				PRODUCT_BUNDLE_IDENTIFIER = jonathon.dollal.FilmoUITests;
				PRODUCT_NAME = "$(TARGET_NAME)";
				SWIFT_VERSION = 4.2;
				TARGETED_DEVICE_FAMILY = "1,2";
				TEST_TARGET_NAME = Filmo;
			};
			name = Release;
		};
/* End XCBuildConfiguration section */

/* Begin XCConfigurationList section */
		64C2FEF72144B4D100D4D7A0 /* Build configuration list for PBXProject "Filmo" */ = {
			isa = XCConfigurationList;
			buildConfigurations = (
				64C2FF222144B4D300D4D7A0 /* Debug */,
				64C2FF232144B4D300D4D7A0 /* Release */,
			);
			defaultConfigurationIsVisible = 0;
			defaultConfigurationName = Release;
		};
		64C2FF242144B4D300D4D7A0 /* Build configuration list for PBXNativeTarget "Filmo" */ = {
			isa = XCConfigurationList;
			buildConfigurations = (
				64C2FF252144B4D300D4D7A0 /* Debug */,
				64C2FF262144B4D300D4D7A0 /* Release */,
			);
			defaultConfigurationIsVisible = 0;
			defaultConfigurationName = Release;
		};
		64C2FF272144B4D300D4D7A0 /* Build configuration list for PBXNativeTarget "FilmoTests" */ = {
			isa = XCConfigurationList;
			buildConfigurations = (
				64C2FF282144B4D300D4D7A0 /* Debug */,
				64C2FF292144B4D300D4D7A0 /* Release */,
			);
			defaultConfigurationIsVisible = 0;
			defaultConfigurationName = Release;
		};
		64C2FF2A2144B4D300D4D7A0 /* Build configuration list for PBXNativeTarget "FilmoUITests" */ = {
			isa = XCConfigurationList;
			buildConfigurations = (
				64C2FF2B2144B4D300D4D7A0 /* Debug */,
				64C2FF2C2144B4D300D4D7A0 /* Release */,
			);
			defaultConfigurationIsVisible = 0;
			defaultConfigurationName = Release;
		};
/* End XCConfigurationList section */
	};
	rootObject = 64C2FEF42144B4D100D4D7A0 /* Project object */;
}
